
Microsoft Visual Studio Solution File, Format Version 12.00
# Visual Studio Version 16
VisualStudioVersion = 16.0.28803.352
MinimumVisualStudioVersion = 10.0.40219.1
Project("{9A19103F-16F7-4668-BE54-9A1E7A4F7556}") = "Fortnite.Tests", "Tests\FortniteLib.Tests\Fortnite.Tests.csproj", "{26BA65A6-DB7E-4E75-8E30-5BE6EBF24E1C}"
EndProject
Project("{9A19103F-16F7-4668-BE54-9A1E7A4F7556}") = "Fortnite.Localization", "Fortnite\Fortnite.Localization\Fortnite.Localization.csproj", "{FF34E629-403F-4902-A374-48F93EDB74A7}"
EndProject
Project("{2150E333-8FDC-42A3-9474-1A3956D46DE8}") = "FTNPowerApplication", "FTNPowerApplication", "{11819B6C-EE6E-4096-925D-99840A2B2B1C}"
EndProject
Project("{2150E333-8FDC-42A3-9474-1A3956D46DE8}") = "LocalizationAndAssetManage", "LocalizationAndAssetManage", "{DA371C77-7CBD-4B96-9969-32705F6FE4F2}"
EndProject
Project("{2150E333-8FDC-42A3-9474-1A3956D46DE8}") = "FTNPowerQueueApplication", "FTNPowerQueueApplication", "{E47C5635-0DB7-4ACB-B8CF-39B2BA08D0AB}"
EndProject
Project("{9A19103F-16F7-4668-BE54-9A1E7A4F7556}") = "FTNPower.Queue", "FortnitePowerQueue\FTNPower.Queue.csproj", "{65143586-16EF-4092-A5D2-677447F1351F}"
EndProject
Project("{9A19103F-16F7-4668-BE54-9A1E7A4F7556}") = "Fortnite.External", "Fortnite\Fortnite.ExternalApi\Fortnite.External.csproj", "{8D095F18-A98C-499D-BDAE-EC5BA22B0DBB}"
EndProject
Project("{9A19103F-16F7-4668-BE54-9A1E7A4F7556}") = "FTNPower.Redis", "FTNPower.Redis\FTNPower.Redis.csproj", "{86D72877-B5BC-4ED1-A8B2-0F212AF2AA15}"
EndProject
Project("{9A19103F-16F7-4668-BE54-9A1E7A4F7556}") = "FTNPower.Website", "Websites\FTNPower.Website\FTNPower.Website.csproj", "{D345146E-0396-4AF9-B651-27CF2BAF352F}"
EndProject
Project("{2150E333-8FDC-42A3-9474-1A3956D46DE8}") = "Websites", "Websites", "{C484D200-575B-4E48-AFC0-CA15928A5582}"
EndProject
Project("{9A19103F-16F7-4668-BE54-9A1E7A4F7556}") = "FortnitePakManager", "UnrealEngine4\FortnitePakManager\FortnitePakManager.csproj", "{BE014681-53D3-4EB9-8BDA-56CC87243252}"
EndProject
Project("{9A19103F-16F7-4668-BE54-9A1E7A4F7556}") = "FTNPower.Image.Api", "Websites\FTNPower.Image.Api\FTNPower.Image.Api.csproj", "{8FFA9017-D895-487E-9430-A8FA6E09E260}"
EndProject
Project("{9A19103F-16F7-4668-BE54-9A1E7A4F7556}") = "FTNPower.Image.Api.Service", "Websites\FTNPower.Image.Api.Service\FTNPower.Image.Api.Service.csproj", "{D2F239D6-3640-41A9-A971-A4A15C399176}"
EndProject
Project("{9A19103F-16F7-4668-BE54-9A1E7A4F7556}") = "FTNPower.Image.Api.Tests", "Tests\CustomImageProvider.Tests\FTNPower.Image.Api.Tests.csproj", "{2B09F447-E1F8-455F-860A-FA65BDDBFC57}"
EndProject
Project("{9A19103F-16F7-4668-BE54-9A1E7A4F7556}") = "FTNPower.Image.Processing", "Websites\FTNPower.Image.Processing\FTNPower.Image.Processing.csproj", "{E0824DEA-016D-4684-BF8A-E70CC698619F}"
EndProject
Project("{2150E333-8FDC-42A3-9474-1A3956D46DE8}") = "ExternalLibrarySourcecodes", "ExternalLibrarySourcecodes", "{A3FDE3C1-3B0A-4D0C-8175-319F8DE20B33}"
EndProject
Project("{9A19103F-16F7-4668-BE54-9A1E7A4F7556}") = "Discord.Net.Rest", "Discord.Net-dev\src\Discord.Net.Rest\Discord.Net.Rest.csproj", "{D3ADCEAB-CF55-4A29-A8C0-9373E1F8A3FC}"
EndProject
Project("{9A19103F-16F7-4668-BE54-9A1E7A4F7556}") = "Discord.Net.Core", "Discord.Net-dev\src\Discord.Net.Core\Discord.Net.Core.csproj", "{74A36A1A-2F17-4093-AF00-29049B575BA9}"
EndProject
Project("{9A19103F-16F7-4668-BE54-9A1E7A4F7556}") = "Discord.Net.Commands", "Discord.Net-dev\src\Discord.Net.Commands\Discord.Net.Commands.csproj", "{FD14768C-F0E0-48CE-BCB5-4B40A7B67D07}"
EndProject
Project("{9A19103F-16F7-4668-BE54-9A1E7A4F7556}") = "Discord.Net.Webhook", "Discord.Net-dev\src\Discord.Net.Webhook\Discord.Net.Webhook.csproj", "{AAA26C95-1EB6-4DF9-BCC8-07D64D78F18C}"
EndProject
Project("{9A19103F-16F7-4668-BE54-9A1E7A4F7556}") = "Discord.Net.WebSocket", "Discord.Net-dev\src\Discord.Net.WebSocket\Discord.Net.WebSocket.csproj", "{0CBBA318-C3DD-4C59-BD8C-8AD0E367AE57}"
EndProject
Project("{9A19103F-16F7-4668-BE54-9A1E7A4F7556}") = "Global", "GlobalLibs\MyLogger\Global.csproj", "{47443EE8-7389-4650-8701-F28110ECB159}"
EndProject
Project("{2150E333-8FDC-42A3-9474-1A3956D46DE8}") = "Fortnite", "Fortnite", "{4B88FADA-116F-4987-AC43-6BC0BC111E1E}"
EndProject
Project("{9A19103F-16F7-4668-BE54-9A1E7A4F7556}") = "Fortnite.Core", "Fortnite\Fortnite.Core\Fortnite.Core.csproj", "{8AE595D1-2E52-4F38-8AE2-AC8447E71617}"
EndProject
Project("{9A19103F-16F7-4668-BE54-9A1E7A4F7556}") = "Fortnite.Model", "Fortnite\Fortnite.Model\Fortnite.Model.csproj", "{4890754C-04FB-4493-9F21-E607B45A839E}"
EndProject
Project("{9A19103F-16F7-4668-BE54-9A1E7A4F7556}") = "Fortnite.Api", "Fortnite\Fortnite.Api\Fortnite.Api.csproj", "{2D946DDF-DCEA-474C-8767-B2F1D8C27FA3}"
EndProject
Project("{9A19103F-16F7-4668-BE54-9A1E7A4F7556}") = "Fortnite.Static", "Fortnite\Fortnite.StaticData\Fortnite.Static.csproj", "{9CAAD6C7-FF26-4558-9AF9-A48A78110A3E}"
EndProject
Project("{9A19103F-16F7-4668-BE54-9A1E7A4F7556}") = "Fortnite", "Fortnite\Fortnite\Fortnite.csproj", "{C9F5EF68-5049-4F0E-924C-91DEE10AEA33}"
EndProject
Project("{2150E333-8FDC-42A3-9474-1A3956D46DE8}") = "Tests", "Tests", "{3A1BAA69-72CE-4593-AC32-D814CAA97C94}"
EndProject
Project("{9A19103F-16F7-4668-BE54-9A1E7A4F7556}") = "FTNPower.Model", "FTNPowerApplication\FTNPower.Model\FTNPower.Model.csproj", "{134662A1-0E6D-4C10-8A98-F263DFE6BF1D}"
EndProject
Project("{9A19103F-16F7-4668-BE54-9A1E7A4F7556}") = "FTNPower.Core", "FTNPowerApplication\FTNPower.Core\FTNPower.Core.csproj", "{BC49148D-0DF1-49B4-950D-93D7581FCE43}"
EndProject
Project("{9A19103F-16F7-4668-BE54-9A1E7A4F7556}") = "FTNPower.Data", "FTNPowerApplication\FTNPower.Data\FTNPower.Data.csproj", "{ACD3D137-9818-4EC4-BF18-A66EAF935CD6}"
EndProject
Project("{9A19103F-16F7-4668-BE54-9A1E7A4F7556}") = "FTNPower.Static", "FTNPowerApplication\FTNPower.Static\FTNPower.Static.csproj", "{499D0C80-9FC4-48FD-9DE6-7BDCE705E743}"
EndProject
Project("{9A19103F-16F7-4668-BE54-9A1E7A4F7556}") = "FTNPower", "FTNPowerApplication\FTNPower\FTNPower.csproj", "{CD2E3B39-5B25-4FE3-94EB-F90DC3271C05}"
EndProject
Project("{9A19103F-16F7-4668-BE54-9A1E7A4F7556}") = "FTNPower.Queue.Tests", "Tests\FTNPower.Queue.Tests\FTNPower.Queue.Tests.csproj", "{76192837-2929-4C10-B094-5CB6D5DC239A}"
EndProject
Project("{E53339B2-1760-4266-BCC7-CA923CBCF16C}") = "docker-compose", "docker-compose.dcproj", "{C0557B6B-262E-4745-AC9A-C002DF6DEC20}"
EndProject
Project("{9A19103F-16F7-4668-BE54-9A1E7A4F7556}") = "Image.Core", "Websites\FTNPower.Image.Core\Image.Core.csproj", "{BFEEB227-CDB0-48B3-9274-A0D6DFE625CE}"
EndProject
Project("{9A19103F-16F7-4668-BE54-9A1E7A4F7556}") = "Image.Model", "Websites\Image.Model\Image.Model.csproj", "{4527CF71-807F-42CC-8DC1-D34AF75EC6F3}"
EndProject
Project("{D954291E-2A0B-460D-934E-DC6B0785DB48}") = "ProjectConfigurations", "ProjectConfigurations\ProjectConfigurations.shproj", "{4FA2ED6D-B332-40A2-82F8-D19B0A282857}"
EndProject
Project("{9A19103F-16F7-4668-BE54-9A1E7A4F7556}") = "FortniteAssetRegistryLoader", "UnrealEngine4\FortniteAssetRegistryLoader\FortniteAssetRegistryLoader.csproj", "{E1F5F0ED-C18F-4D96-AD27-5507170E0FD0}"
EndProject
Global
	GlobalSection(SharedMSBuildProjectFiles) = preSolution
		ProjectConfigurations\ProjectConfigurations.projitems*{26ba65a6-db7e-4e75-8e30-5be6ebf24e1c}*SharedItemsImports = 5
		ProjectConfigurations\ProjectConfigurations.projitems*{47443ee8-7389-4650-8701-f28110ecb159}*SharedItemsImports = 5
		ProjectConfigurations\ProjectConfigurations.projitems*{4fa2ed6d-b332-40a2-82f8-d19b0a282857}*SharedItemsImports = 13
		ProjectConfigurations\ProjectConfigurations.projitems*{65143586-16ef-4092-a5d2-677447f1351f}*SharedItemsImports = 5
		ProjectConfigurations\ProjectConfigurations.projitems*{8ffa9017-d895-487e-9430-a8fa6e09e260}*SharedItemsImports = 5
		ProjectConfigurations\ProjectConfigurations.projitems*{cd2e3b39-5b25-4fe3-94eb-f90dc3271c05}*SharedItemsImports = 5
		ProjectConfigurations\ProjectConfigurations.projitems*{d345146e-0396-4af9-b651-27cf2baf352f}*SharedItemsImports = 5
	EndGlobalSection
	GlobalSection(SolutionConfigurationPlatforms) = preSolution
		Debug|Any CPU = Debug|Any CPU
		Release|Any CPU = Release|Any CPU
	EndGlobalSection
	GlobalSection(ProjectConfigurationPlatforms) = postSolution
		{26BA65A6-DB7E-4E75-8E30-5BE6EBF24E1C}.Debug|Any CPU.ActiveCfg = Debug|Any CPU
		{26BA65A6-DB7E-4E75-8E30-5BE6EBF24E1C}.Debug|Any CPU.Build.0 = Debug|Any CPU
		{26BA65A6-DB7E-4E75-8E30-5BE6EBF24E1C}.Release|Any CPU.ActiveCfg = Release|Any CPU
		{26BA65A6-DB7E-4E75-8E30-5BE6EBF24E1C}.Release|Any CPU.Build.0 = Release|Any CPU
		{FF34E629-403F-4902-A374-48F93EDB74A7}.Debug|Any CPU.ActiveCfg = Debug|Any CPU
		{FF34E629-403F-4902-A374-48F93EDB74A7}.Debug|Any CPU.Build.0 = Debug|Any CPU
		{FF34E629-403F-4902-A374-48F93EDB74A7}.Release|Any CPU.ActiveCfg = Release|Any CPU
		{FF34E629-403F-4902-A374-48F93EDB74A7}.Release|Any CPU.Build.0 = Release|Any CPU
		{65143586-16EF-4092-A5D2-677447F1351F}.Debug|Any CPU.ActiveCfg = Debug|Any CPU
		{65143586-16EF-4092-A5D2-677447F1351F}.Debug|Any CPU.Build.0 = Debug|Any CPU
		{65143586-16EF-4092-A5D2-677447F1351F}.Release|Any CPU.ActiveCfg = Release|Any CPU
		{65143586-16EF-4092-A5D2-677447F1351F}.Release|Any CPU.Build.0 = Release|Any CPU
		{8D095F18-A98C-499D-BDAE-EC5BA22B0DBB}.Debug|Any CPU.ActiveCfg = Debug|Any CPU
		{8D095F18-A98C-499D-BDAE-EC5BA22B0DBB}.Debug|Any CPU.Build.0 = Debug|Any CPU
		{8D095F18-A98C-499D-BDAE-EC5BA22B0DBB}.Release|Any CPU.ActiveCfg = Release|Any CPU
		{8D095F18-A98C-499D-BDAE-EC5BA22B0DBB}.Release|Any CPU.Build.0 = Release|Any CPU
		{86D72877-B5BC-4ED1-A8B2-0F212AF2AA15}.Debug|Any CPU.ActiveCfg = Debug|Any CPU
		{86D72877-B5BC-4ED1-A8B2-0F212AF2AA15}.Debug|Any CPU.Build.0 = Debug|Any CPU
		{86D72877-B5BC-4ED1-A8B2-0F212AF2AA15}.Release|Any CPU.ActiveCfg = Release|Any CPU
		{86D72877-B5BC-4ED1-A8B2-0F212AF2AA15}.Release|Any CPU.Build.0 = Release|Any CPU
		{D345146E-0396-4AF9-B651-27CF2BAF352F}.Debug|Any CPU.ActiveCfg = Debug|Any CPU
		{D345146E-0396-4AF9-B651-27CF2BAF352F}.Debug|Any CPU.Build.0 = Debug|Any CPU
		{D345146E-0396-4AF9-B651-27CF2BAF352F}.Release|Any CPU.ActiveCfg = Release|Any CPU
		{D345146E-0396-4AF9-B651-27CF2BAF352F}.Release|Any CPU.Build.0 = Release|Any CPU
		{BE014681-53D3-4EB9-8BDA-56CC87243252}.Debug|Any CPU.ActiveCfg = Debug|Any CPU
		{BE014681-53D3-4EB9-8BDA-56CC87243252}.Debug|Any CPU.Build.0 = Debug|Any CPU
		{BE014681-53D3-4EB9-8BDA-56CC87243252}.Release|Any CPU.ActiveCfg = Release|Any CPU
		{BE014681-53D3-4EB9-8BDA-56CC87243252}.Release|Any CPU.Build.0 = Release|Any CPU
		{8FFA9017-D895-487E-9430-A8FA6E09E260}.Debug|Any CPU.ActiveCfg = Debug|Any CPU
		{8FFA9017-D895-487E-9430-A8FA6E09E260}.Debug|Any CPU.Build.0 = Debug|Any CPU
		{8FFA9017-D895-487E-9430-A8FA6E09E260}.Release|Any CPU.ActiveCfg = Release|Any CPU
		{8FFA9017-D895-487E-9430-A8FA6E09E260}.Release|Any CPU.Build.0 = Release|Any CPU
		{D2F239D6-3640-41A9-A971-A4A15C399176}.Debug|Any CPU.ActiveCfg = Debug|Any CPU
		{D2F239D6-3640-41A9-A971-A4A15C399176}.Debug|Any CPU.Build.0 = Debug|Any CPU
		{D2F239D6-3640-41A9-A971-A4A15C399176}.Release|Any CPU.ActiveCfg = Release|Any CPU
		{D2F239D6-3640-41A9-A971-A4A15C399176}.Release|Any CPU.Build.0 = Release|Any CPU
		{2B09F447-E1F8-455F-860A-FA65BDDBFC57}.Debug|Any CPU.ActiveCfg = Debug|Any CPU
		{2B09F447-E1F8-455F-860A-FA65BDDBFC57}.Debug|Any CPU.Build.0 = Debug|Any CPU
		{2B09F447-E1F8-455F-860A-FA65BDDBFC57}.Release|Any CPU.ActiveCfg = Release|Any CPU
		{2B09F447-E1F8-455F-860A-FA65BDDBFC57}.Release|Any CPU.Build.0 = Release|Any CPU
		{E0824DEA-016D-4684-BF8A-E70CC698619F}.Debug|Any CPU.ActiveCfg = Debug|Any CPU
		{E0824DEA-016D-4684-BF8A-E70CC698619F}.Debug|Any CPU.Build.0 = Debug|Any CPU
		{E0824DEA-016D-4684-BF8A-E70CC698619F}.Release|Any CPU.ActiveCfg = Release|Any CPU
		{E0824DEA-016D-4684-BF8A-E70CC698619F}.Release|Any CPU.Build.0 = Release|Any CPU
		{D3ADCEAB-CF55-4A29-A8C0-9373E1F8A3FC}.Debug|Any CPU.ActiveCfg = Debug|Any CPU
		{D3ADCEAB-CF55-4A29-A8C0-9373E1F8A3FC}.Debug|Any CPU.Build.0 = Debug|Any CPU
		{D3ADCEAB-CF55-4A29-A8C0-9373E1F8A3FC}.Release|Any CPU.ActiveCfg = Release|Any CPU
		{D3ADCEAB-CF55-4A29-A8C0-9373E1F8A3FC}.Release|Any CPU.Build.0 = Release|Any CPU
		{74A36A1A-2F17-4093-AF00-29049B575BA9}.Debug|Any CPU.ActiveCfg = Debug|Any CPU
		{74A36A1A-2F17-4093-AF00-29049B575BA9}.Debug|Any CPU.Build.0 = Debug|Any CPU
		{74A36A1A-2F17-4093-AF00-29049B575BA9}.Release|Any CPU.ActiveCfg = Release|Any CPU
		{74A36A1A-2F17-4093-AF00-29049B575BA9}.Release|Any CPU.Build.0 = Release|Any CPU
		{FD14768C-F0E0-48CE-BCB5-4B40A7B67D07}.Debug|Any CPU.ActiveCfg = Debug|Any CPU
		{FD14768C-F0E0-48CE-BCB5-4B40A7B67D07}.Debug|Any CPU.Build.0 = Debug|Any CPU
		{FD14768C-F0E0-48CE-BCB5-4B40A7B67D07}.Release|Any CPU.ActiveCfg = Release|Any CPU
		{FD14768C-F0E0-48CE-BCB5-4B40A7B67D07}.Release|Any CPU.Build.0 = Release|Any CPU
		{AAA26C95-1EB6-4DF9-BCC8-07D64D78F18C}.Debug|Any CPU.ActiveCfg = Debug|Any CPU
		{AAA26C95-1EB6-4DF9-BCC8-07D64D78F18C}.Debug|Any CPU.Build.0 = Debug|Any CPU
		{AAA26C95-1EB6-4DF9-BCC8-07D64D78F18C}.Release|Any CPU.ActiveCfg = Release|Any CPU
		{AAA26C95-1EB6-4DF9-BCC8-07D64D78F18C}.Release|Any CPU.Build.0 = Release|Any CPU
		{0CBBA318-C3DD-4C59-BD8C-8AD0E367AE57}.Debug|Any CPU.ActiveCfg = Debug|Any CPU
		{0CBBA318-C3DD-4C59-BD8C-8AD0E367AE57}.Debug|Any CPU.Build.0 = Debug|Any CPU
		{0CBBA318-C3DD-4C59-BD8C-8AD0E367AE57}.Release|Any CPU.ActiveCfg = Release|Any CPU
		{0CBBA318-C3DD-4C59-BD8C-8AD0E367AE57}.Release|Any CPU.Build.0 = Release|Any CPU
		{47443EE8-7389-4650-8701-F28110ECB159}.Debug|Any CPU.ActiveCfg = Debug|Any CPU
		{47443EE8-7389-4650-8701-F28110ECB159}.Debug|Any CPU.Build.0 = Debug|Any CPU
		{47443EE8-7389-4650-8701-F28110ECB159}.Release|Any CPU.ActiveCfg = Release|Any CPU
		{47443EE8-7389-4650-8701-F28110ECB159}.Release|Any CPU.Build.0 = Release|Any CPU
		{8AE595D1-2E52-4F38-8AE2-AC8447E71617}.Debug|Any CPU.ActiveCfg = Debug|Any CPU
		{8AE595D1-2E52-4F38-8AE2-AC8447E71617}.Debug|Any CPU.Build.0 = Debug|Any CPU
		{8AE595D1-2E52-4F38-8AE2-AC8447E71617}.Release|Any CPU.ActiveCfg = Release|Any CPU
		{8AE595D1-2E52-4F38-8AE2-AC8447E71617}.Release|Any CPU.Build.0 = Release|Any CPU
		{4890754C-04FB-4493-9F21-E607B45A839E}.Debug|Any CPU.ActiveCfg = Debug|Any CPU
		{4890754C-04FB-4493-9F21-E607B45A839E}.Debug|Any CPU.Build.0 = Debug|Any CPU
		{4890754C-04FB-4493-9F21-E607B45A839E}.Release|Any CPU.ActiveCfg = Release|Any CPU
		{4890754C-04FB-4493-9F21-E607B45A839E}.Release|Any CPU.Build.0 = Release|Any CPU
		{2D946DDF-DCEA-474C-8767-B2F1D8C27FA3}.Debug|Any CPU.ActiveCfg = Debug|Any CPU
		{2D946DDF-DCEA-474C-8767-B2F1D8C27FA3}.Debug|Any CPU.Build.0 = Debug|Any CPU
		{2D946DDF-DCEA-474C-8767-B2F1D8C27FA3}.Release|Any CPU.ActiveCfg = Release|Any CPU
		{2D946DDF-DCEA-474C-8767-B2F1D8C27FA3}.Release|Any CPU.Build.0 = Release|Any CPU
		{9CAAD6C7-FF26-4558-9AF9-A48A78110A3E}.Debug|Any CPU.ActiveCfg = Debug|Any CPU
		{9CAAD6C7-FF26-4558-9AF9-A48A78110A3E}.Debug|Any CPU.Build.0 = Debug|Any CPU
		{9CAAD6C7-FF26-4558-9AF9-A48A78110A3E}.Release|Any CPU.ActiveCfg = Release|Any CPU
		{9CAAD6C7-FF26-4558-9AF9-A48A78110A3E}.Release|Any CPU.Build.0 = Release|Any CPU
		{C9F5EF68-5049-4F0E-924C-91DEE10AEA33}.Debug|Any CPU.ActiveCfg = Debug|Any CPU
		{C9F5EF68-5049-4F0E-924C-91DEE10AEA33}.Debug|Any CPU.Build.0 = Debug|Any CPU
		{C9F5EF68-5049-4F0E-924C-91DEE10AEA33}.Release|Any CPU.ActiveCfg = Release|Any CPU
		{C9F5EF68-5049-4F0E-924C-91DEE10AEA33}.Release|Any CPU.Build.0 = Release|Any CPU
		{134662A1-0E6D-4C10-8A98-F263DFE6BF1D}.Debug|Any CPU.ActiveCfg = Debug|Any CPU
		{134662A1-0E6D-4C10-8A98-F263DFE6BF1D}.Debug|Any CPU.Build.0 = Debug|Any CPU
		{134662A1-0E6D-4C10-8A98-F263DFE6BF1D}.Release|Any CPU.ActiveCfg = Release|Any CPU
		{134662A1-0E6D-4C10-8A98-F263DFE6BF1D}.Release|Any CPU.Build.0 = Release|Any CPU
		{BC49148D-0DF1-49B4-950D-93D7581FCE43}.Debug|Any CPU.ActiveCfg = Debug|Any CPU
		{BC49148D-0DF1-49B4-950D-93D7581FCE43}.Debug|Any CPU.Build.0 = Debug|Any CPU
		{BC49148D-0DF1-49B4-950D-93D7581FCE43}.Release|Any CPU.ActiveCfg = Release|Any CPU
		{BC49148D-0DF1-49B4-950D-93D7581FCE43}.Release|Any CPU.Build.0 = Release|Any CPU
		{ACD3D137-9818-4EC4-BF18-A66EAF935CD6}.Debug|Any CPU.ActiveCfg = Debug|Any CPU
		{ACD3D137-9818-4EC4-BF18-A66EAF935CD6}.Debug|Any CPU.Build.0 = Debug|Any CPU
		{ACD3D137-9818-4EC4-BF18-A66EAF935CD6}.Release|Any CPU.ActiveCfg = Release|Any CPU
		{ACD3D137-9818-4EC4-BF18-A66EAF935CD6}.Release|Any CPU.Build.0 = Release|Any CPU
		{499D0C80-9FC4-48FD-9DE6-7BDCE705E743}.Debug|Any CPU.ActiveCfg = Debug|Any CPU
		{499D0C80-9FC4-48FD-9DE6-7BDCE705E743}.Debug|Any CPU.Build.0 = Debug|Any CPU
		{499D0C80-9FC4-48FD-9DE6-7BDCE705E743}.Release|Any CPU.ActiveCfg = Release|Any CPU
		{499D0C80-9FC4-48FD-9DE6-7BDCE705E743}.Release|Any CPU.Build.0 = Release|Any CPU
		{CD2E3B39-5B25-4FE3-94EB-F90DC3271C05}.Debug|Any CPU.ActiveCfg = Debug|Any CPU
		{CD2E3B39-5B25-4FE3-94EB-F90DC3271C05}.Debug|Any CPU.Build.0 = Debug|Any CPU
		{CD2E3B39-5B25-4FE3-94EB-F90DC3271C05}.Release|Any CPU.ActiveCfg = Release|Any CPU
		{CD2E3B39-5B25-4FE3-94EB-F90DC3271C05}.Release|Any CPU.Build.0 = Release|Any CPU
		{76192837-2929-4C10-B094-5CB6D5DC239A}.Debug|Any CPU.ActiveCfg = Debug|Any CPU
		{76192837-2929-4C10-B094-5CB6D5DC239A}.Debug|Any CPU.Build.0 = Debug|Any CPU
		{76192837-2929-4C10-B094-5CB6D5DC239A}.Release|Any CPU.ActiveCfg = Release|Any CPU
		{76192837-2929-4C10-B094-5CB6D5DC239A}.Release|Any CPU.Build.0 = Release|Any CPU
		{C0557B6B-262E-4745-AC9A-C002DF6DEC20}.Debug|Any CPU.ActiveCfg = Debug|Any CPU
		{C0557B6B-262E-4745-AC9A-C002DF6DEC20}.Debug|Any CPU.Build.0 = Debug|Any CPU
		{C0557B6B-262E-4745-AC9A-C002DF6DEC20}.Release|Any CPU.ActiveCfg = Release|Any CPU
		{C0557B6B-262E-4745-AC9A-C002DF6DEC20}.Release|Any CPU.Build.0 = Release|Any CPU
		{BFEEB227-CDB0-48B3-9274-A0D6DFE625CE}.Debug|Any CPU.ActiveCfg = Debug|Any CPU
		{BFEEB227-CDB0-48B3-9274-A0D6DFE625CE}.Debug|Any CPU.Build.0 = Debug|Any CPU
		{BFEEB227-CDB0-48B3-9274-A0D6DFE625CE}.Release|Any CPU.ActiveCfg = Release|Any CPU
		{BFEEB227-CDB0-48B3-9274-A0D6DFE625CE}.Release|Any CPU.Build.0 = Release|Any CPU
		{4527CF71-807F-42CC-8DC1-D34AF75EC6F3}.Debug|Any CPU.ActiveCfg = Debug|Any CPU
		{4527CF71-807F-42CC-8DC1-D34AF75EC6F3}.Debug|Any CPU.Build.0 = Debug|Any CPU
		{4527CF71-807F-42CC-8DC1-D34AF75EC6F3}.Release|Any CPU.ActiveCfg = Release|Any CPU
		{4527CF71-807F-42CC-8DC1-D34AF75EC6F3}.Release|Any CPU.Build.0 = Release|Any CPU
		{E1F5F0ED-C18F-4D96-AD27-5507170E0FD0}.Debug|Any CPU.ActiveCfg = Debug|Any CPU
		{E1F5F0ED-C18F-4D96-AD27-5507170E0FD0}.Debug|Any CPU.Build.0 = Debug|Any CPU
		{E1F5F0ED-C18F-4D96-AD27-5507170E0FD0}.Release|Any CPU.ActiveCfg = Release|Any CPU
		{E1F5F0ED-C18F-4D96-AD27-5507170E0FD0}.Release|Any CPU.Build.0 = Release|Any CPU
	EndGlobalSection
	GlobalSection(SolutionProperties) = preSolution
		HideSolutionNode = FALSE
	EndGlobalSection
	GlobalSection(NestedProjects) = preSolution
		{26BA65A6-DB7E-4E75-8E30-5BE6EBF24E1C} = {3A1BAA69-72CE-4593-AC32-D814CAA97C94}
		{FF34E629-403F-4902-A374-48F93EDB74A7} = {4B88FADA-116F-4987-AC43-6BC0BC111E1E}
		{65143586-16EF-4092-A5D2-677447F1351F} = {E47C5635-0DB7-4ACB-B8CF-39B2BA08D0AB}
		{8D095F18-A98C-499D-BDAE-EC5BA22B0DBB} = {4B88FADA-116F-4987-AC43-6BC0BC111E1E}
		{86D72877-B5BC-4ED1-A8B2-0F212AF2AA15} = {E47C5635-0DB7-4ACB-B8CF-39B2BA08D0AB}
		{D345146E-0396-4AF9-B651-27CF2BAF352F} = {C484D200-575B-4E48-AFC0-CA15928A5582}
		{BE014681-53D3-4EB9-8BDA-56CC87243252} = {DA371C77-7CBD-4B96-9969-32705F6FE4F2}
		{8FFA9017-D895-487E-9430-A8FA6E09E260} = {C484D200-575B-4E48-AFC0-CA15928A5582}
		{D2F239D6-3640-41A9-A971-A4A15C399176} = {C484D200-575B-4E48-AFC0-CA15928A5582}
		{2B09F447-E1F8-455F-860A-FA65BDDBFC57} = {3A1BAA69-72CE-4593-AC32-D814CAA97C94}
		{E0824DEA-016D-4684-BF8A-E70CC698619F} = {C484D200-575B-4E48-AFC0-CA15928A5582}
		{D3ADCEAB-CF55-4A29-A8C0-9373E1F8A3FC} = {A3FDE3C1-3B0A-4D0C-8175-319F8DE20B33}
		{74A36A1A-2F17-4093-AF00-29049B575BA9} = {A3FDE3C1-3B0A-4D0C-8175-319F8DE20B33}
		{FD14768C-F0E0-48CE-BCB5-4B40A7B67D07} = {A3FDE3C1-3B0A-4D0C-8175-319F8DE20B33}
		{AAA26C95-1EB6-4DF9-BCC8-07D64D78F18C} = {A3FDE3C1-3B0A-4D0C-8175-319F8DE20B33}
		{0CBBA318-C3DD-4C59-BD8C-8AD0E367AE57} = {A3FDE3C1-3B0A-4D0C-8175-319F8DE20B33}
		{8AE595D1-2E52-4F38-8AE2-AC8447E71617} = {4B88FADA-116F-4987-AC43-6BC0BC111E1E}
		{4890754C-04FB-4493-9F21-E607B45A839E} = {4B88FADA-116F-4987-AC43-6BC0BC111E1E}
		{2D946DDF-DCEA-474C-8767-B2F1D8C27FA3} = {4B88FADA-116F-4987-AC43-6BC0BC111E1E}
		{9CAAD6C7-FF26-4558-9AF9-A48A78110A3E} = {4B88FADA-116F-4987-AC43-6BC0BC111E1E}
		{C9F5EF68-5049-4F0E-924C-91DEE10AEA33} = {4B88FADA-116F-4987-AC43-6BC0BC111E1E}
		{134662A1-0E6D-4C10-8A98-F263DFE6BF1D} = {11819B6C-EE6E-4096-925D-99840A2B2B1C}
		{BC49148D-0DF1-49B4-950D-93D7581FCE43} = {11819B6C-EE6E-4096-925D-99840A2B2B1C}
		{ACD3D137-9818-4EC4-BF18-A66EAF935CD6} = {11819B6C-EE6E-4096-925D-99840A2B2B1C}
		{499D0C80-9FC4-48FD-9DE6-7BDCE705E743} = {11819B6C-EE6E-4096-925D-99840A2B2B1C}
		{CD2E3B39-5B25-4FE3-94EB-F90DC3271C05} = {11819B6C-EE6E-4096-925D-99840A2B2B1C}
		{76192837-2929-4C10-B094-5CB6D5DC239A} = {3A1BAA69-72CE-4593-AC32-D814CAA97C94}
		{BFEEB227-CDB0-48B3-9274-A0D6DFE625CE} = {C484D200-575B-4E48-AFC0-CA15928A5582}
		{4527CF71-807F-42CC-8DC1-D34AF75EC6F3} = {C484D200-575B-4E48-AFC0-CA15928A5582}
		{E1F5F0ED-C18F-4D96-AD27-5507170E0FD0} = {DA371C77-7CBD-4B96-9969-32705F6FE4F2}
	EndGlobalSection
	GlobalSection(ExtensibilityGlobals) = postSolution
		SolutionGuid = {24449A73-206C-41EE-9477-767461A3370B}
	EndGlobalSection
EndGlobal
